{
  "originHash" : "344c21b1f9e876be2c5602ee31e8365c0faeb3e60fe3321a747d80e71453c4a6",
  "pins" : [
    {
      "identity" : "playdatekit",
      "kind" : "remoteSourceControl",
      "location" : "https://source.marquiskurt.net/PDUniverse/PlaydateKit.git",
      "state" : {
        "branch" : "main",
        "revision" : "6a7ddb69b4319ebf2d620da2971005b57f11fda8"
      }
    },
    {
      "identity" : "utf8viewextensions",
      "kind" : "remoteSourceControl",
      "location" : "https://github.com/strawdynamics/UTF8ViewExtensions.git",
      "state" : {
        "branch" : "main",
        "revision" : "babf8b80cff1dba41678ececccd3dc711bb9a975"
      }
    }
  ],
  "version" : 3
}
